// !$*UTF8*$!
{
	archiveVersion = 1;
	classes = {
	};
	objectVersion = 50;
	objects = {

/* Begin PBXBuildFile section */
		8802C86624F8634600D37429 /* AppDelegate.swift in Sources */ = {isa = PBXBuildFile; fileRef = 8802C86524F8634600D37429 /* AppDelegate.swift */; };
		8802C86824F8634600D37429 /* SceneDelegate.swift in Sources */ = {isa = PBXBuildFile; fileRef = 8802C86724F8634600D37429 /* SceneDelegate.swift */; };
		8802C86A24F8634600D37429 /* ViewController.swift in Sources */ = {isa = PBXBuildFile; fileRef = 8802C86924F8634600D37429 /* ViewController.swift */; };
		8802C86D24F8634600D37429 /* Main.storyboard in Resources */ = {isa = PBXBuildFile; fileRef = 8802C86B24F8634600D37429 /* Main.storyboard */; };
		8802C86F24F8634900D37429 /* Assets.xcassets in Resources */ = {isa = PBXBuildFile; fileRef = 8802C86E24F8634900D37429 /* Assets.xcassets */; };
		8802C87224F8634900D37429 /* LaunchScreen.storyboard in Resources */ = {isa = PBXBuildFile; fileRef = 8802C87024F8634900D37429 /* LaunchScreen.storyboard */; };
/* End PBXBuildFile section */

/* Begin PBXFileReference section */
		8802C86224F8634600D37429 /* Comp-Layout-Multiple-Sections.app */ = {isa = PBXFileReference; explicitFileType = wrapper.application; includeInIndex = 0; path = "Comp-Layout-Multiple-Sections.app"; sourceTree = BUILT_PRODUCTS_DIR; };
		8802C86524F8634600D37429 /* AppDelegate.swift */ = {isa = PBXFileReference; lastKnownFileType = sourcecode.swift; path = AppDelegate.swift; sourceTree = "<group>"; };
		8802C86724F8634600D37429 /* SceneDelegate.swift */ = {isa = PBXFileReference; lastKnownFileType = sourcecode.swift; path = SceneDelegate.swift; sourceTree = "<group>"; };
		8802C86924F8634600D37429 /* ViewController.swift */ = {isa = PBXFileReference; lastKnownFileType = sourcecode.swift; path = ViewController.swift; sourceTree = "<group>"; };
		8802C86C24F8634600D37429 /* Base */ = {isa = PBXFileReference; lastKnownFileType = file.storyboard; name = Base; path = Base.lproj/Main.storyboard; sourceTree = "<group>"; };
		8802C86E24F8634900D37429 /* Assets.xcassets */ = {isa = PBXFileReference; lastKnownFileType = folder.assetcatalog; path = Assets.xcassets; sourceTree = "<group>"; };
		8802C87124F8634900D37429 /* Base */ = {isa = PBXFileReference; lastKnownFileType = file.storyboard; name = Base; path = Base.lproj/LaunchScreen.storyboard; sourceTree = "<group>"; };
		8802C87324F8634900D37429 /* Info.plist */ = {isa = PBXFileReference; lastKnownFileType = text.plist.xml; path = Info.plist; sourceTree = "<group>"; };
/* End PBXFileReference section */

/* Begin PBXFrameworksBuildPhase section */
		8802C85F24F8634600D37429 /* Frameworks */ = {
			isa = PBXFrameworksBuildPhase;
			buildActionMask = 2147483647;
			files = (
			);
			runOnlyForDeploymentPostprocessing = 0;
		};
/* End PBXFrameworksBuildPhase section */

/* Begin PBXGroup section */
		8802C85924F8634600D37429 = {
			isa = PBXGroup;
			children = (
				8802C86424F8634600D37429 /* Comp-Layout-Multiple-Sections */,
				8802C86324F8634600D37429 /* Products */,
			);
			sourceTree = "<group>";
		};
		8802C86324F8634600D37429 /* Products */ = {
			isa = PBXGroup;
			children = (
				8802C86224F8634600D37429 /* Comp-Layout-Multiple-Sections.app */,
			);
			name = Products;
			sourceTree = "<group>";
		};
		8802C86424F8634600D37429 /* Comp-Layout-Multiple-Sections */ = {
			isa = PBXGroup;
			children = (
				8802C86524F8634600D37429 /* AppDelegate.swift */,
				8802C86724F8634600D37429 /* SceneDelegate.swift */,
				8802C86924F8634600D37429 /* ViewController.swift */,
				8802C86B24F8634600D37429 /* Main.storyboard */,
				8802C86E24F8634900D37429 /* Assets.xcassets */,
				8802C87024F8634900D37429 /* LaunchScreen.storyboard */,
				8802C87324F8634900D37429 /* Info.plist */,
			);
			path = "Comp-Layout-Multiple-Sections";
			sourceTree = "<group>";
		};
/* End PBXGroup section */

/* Begin PBXNativeTarget section */
		8802C86124F8634600D37429 /* Comp-Layout-Multiple-Sections */ = {
			isa = PBXNativeTarget;
			buildConfigurationList = 8802C87624F8634900D37429 /* Build configuration list for PBXNativeTarget "Comp-Layout-Multiple-Sections" */;
			buildPhases = (
				8802C85E24F8634600D37429 /* Sources */,
				8802C85F24F8634600D37429 /* Frameworks */,
				8802C86024F8634600D37429 /* Resources */,
			);
			buildRules = (
			);
			dependencies = (
			);
			name = "Comp-Layout-Multiple-Sections";
			productName = "Comp-Layout-Multiple-Sections";
			productReference = 8802C86224F8634600D37429 /* Comp-Layout-Multiple-Sections.app */;
			productType = "com.apple.product-type.application";
		};
/* End PBXNativeTarget section */

/* Begin PBXProject section */
		8802C85A24F8634600D37429 /* Project object */ = {
			isa = PBXProject;
			attributes = {
				LastSwiftUpdateCheck = 1150;
				LastUpgradeCheck = 1150;
				ORGANIZATIONNAME = "Gregory Keeley";
				TargetAttributes = {
					8802C86124F8634600D37429 = {
						CreatedOnToolsVersion = 11.5;
					};
				};
			};
			buildConfigurationList = 8802C85D24F8634600D37429 /* Build configuration list for PBXProject "Comp-Layout-Multiple-Sections" */;
			compatibilityVersion = "Xcode 9.3";
			developmentRegion = en;
			hasScannedForEncodings = 0;
			knownRegions = (
				en,
				Base,
			);
			mainGroup = 8802C85924F8634600D37429;
			productRefGroup = 8802C86324F8634600D37429 /* Products */;
			projectDirPath = "";
			projectRoot = "";
			targets = (
				8802C86124F8634600D37429 /* Comp-Layout-Multiple-Sections */,
			);
		};
/* End PBXProject section */

/* Begin PBXResourcesBuildPhase section */
		8802C86024F8634600D37429 /* Resources */ = {
			isa = PBXResourcesBuildPhase;
			buildActionMask = 2147483647;
			files = (
				8802C87224F8634900D37429 /* LaunchScreen.storyboard in Resources */,
				8802C86F24F8634900D37429 /* Assets.xcassets in Resources */,
				8802C86D24F8634600D37429 /* Main.storyboard in Resources */,
			);
			runOnlyForDeploymentPostprocessing = 0;
		};
/* End PBXResourcesBuildPhase section */

/* Begin PBXSourcesBuildPhase section */
		8802C85E24F8634600D37429 /* Sources */ = {
			isa = PBXSourcesBuildPhase;
			buildActionMask = 2147483647;
			files = (
				8802C86A24F8634600D37429 /* ViewController.swift in Sources */,
				8802C86624F8634600D37429 /* AppDelegate.swift in Sources */,
				8802C86824F8634600D37429 /* SceneDelegate.swift in Sources */,
			);
			runOnlyForDeploymentPostprocessing = 0;
		};
/* End PBXSourcesBuildPhase section */

/* Begin PBXVariantGroup section */
		8802C86B24F8634600D37429 /* Main.storyboard */ = {
			isa = PBXVariantGroup;
			children = (
				8802C86C24F8634600D37429 /* Base */,
			);
			name = Main.storyboard;
			sourceTree = "<group>";
		};
		8802C87024F8634900D37429 /* LaunchScreen.storyboard */ = {
			isa = PBXVariantGroup;
			children = (
				8802C87124F8634900D37429 /* Base */,
			);
			name = LaunchScreen.storyboard;
			sourceTree = "<group>";
		};
/* End PBXVariantGroup section */

/* Begin XCBuildConfiguration section */
		8802C87424F8634900D37429 /* Debug */ = {
			isa = XCBuildConfiguration;
			buildSettings = {
				ALWAYS_SEARCH_USER_PATHS = NO;
				CLANG_ANALYZER_NONNULL = YES;
				CLANG_ANALYZER_NUMBER_OBJECT_CONVERSION = YES_AGGRESSIVE;
				CLANG_CXX_LANGUAGE_STANDARD = "gnu++14";
				CLANG_CXX_LIBRARY = "libc++";
				CLANG_ENABLE_MODULES = YES;
				CLANG_ENABLE_OBJC_ARC = YES;
				CLANG_ENABLE_OBJC_WEAK = YES;
				CLANG_WARN_BLOCK_CAPTURE_AUTORELEASING = YES;
				CLANG_WARN_BOOL_CONVERSION = YES;
				CLANG_WARN_COMMA = YES;
				CLANG_WARN_CONSTANT_CONVERSION = YES;
				CLANG_WARN_DEPRECATED_OBJC_IMPLEMENTATIONS = YES;
				CLANG_WARN_DIRECT_OBJC_ISA_USAGE = YES_ERROR;
				CLANG_WARN_DOCUMENTATION_COMMENTS = YES;
				CLANG_WARN_EMPTY_BODY = YES;
				CLANG_WARN_ENUM_CONVERSION = YES;
				CLANG_WARN_INFINITE_RECURSION = YES;
				CLANG_WARN_INT_CONVERSION = YES;
				CLANG_WARN_NON_LITERAL_NULL_CONVERSION = YES;
				CLANG_WARN_OBJC_IMPLICIT_RETAIN_SELF = YES;
				CLANG_WARN_OBJC_LITERAL_CONVERSION = YES;
				CLANG_WARN_OBJC_ROOT_CLASS = YES_ERROR;
				CLANG_WARN_RANGE_LOOP_ANALYSIS = YES;
				CLANG_WARN_STRICT_PROTOTYPES = YES;
				CLANG_WARN_SUSPICIOUS_MOVE = YES;
				CLANG_WARN_UNGUARDED_AVAILABILITY = YES_AGGRESSIVE;
				CLANG_WARN_UNREACHABLE_CODE = YES;
				CLANG_WARN__DUPLICATE_METHOD_MATCH = YES;
				COPY_PHASE_STRIP = NO;
				DEBUG_INFORMATION_FORMAT = dwarf;
				ENABLE_STRICT_OBJC_MSGSEND = YES;
				ENABLE_TESTABILITY = YES;
				GCC_C_LANGUAGE_STANDARD = gnu11;
				GCC_DYNAMIC_NO_PIC = NO;
				GCC_NO_COMMON_BLOCKS = YES;
				GCC_OPTIMIZATION_LEVEL = 0;
				GCC_PREPROCESSOR_DEFINITIONS = (
					"DEBUG=1",
					"$(inherited)",
				);
				GCC_WARN_64_TO_32_BIT_CONVERSION = YES;
				GCC_WARN_ABOUT_RETURN_TYPE = YES_ERROR;
				GCC_WARN_UNDECLARED_SELECTOR = YES;
				GCC_WARN_UNINITIALIZED_AUTOS = YES_AGGRESSIVE;
				GCC_WARN_UNUSED_FUNCTION = YES;
				GCC_WARN_UNUSED_VARIABLE = YES;
				IPHONEOS_DEPLOYMENT_TARGET = 13.5;
				MTL_ENABLE_DEBUG_INFO = INCLUDE_SOURCE;
				MTL_FAST_MATH = YES;
				ONLY_ACTIVE_ARCH = YES;
				SDKROOT = iphoneos;
				SWIFT_ACTIVE_COMPILATION_CONDITIONS = DEBUG;
				SWIFT_OPTIMIZATION_LEVEL = "-Onone";
			};
			name = Debug;
		};
		8802C87524F8634900D37429 /* Release */ = {
			isa = XCBuildConfiguration;
			buildSettings = {
				ALWAYS_SEARCH_USER_PATHS = NO;
				CLANG_ANALYZER_NONNULL = YES;
				CLANG_ANALYZER_NUMBER_OBJECT_CONVERSION = YES_AGGRESSIVE;
				CLANG_CXX_LANGUAGE_STANDARD = "gnu++14";
				CLANG_CXX_LIBRARY = "libc++";
				CLANG_ENABLE_MODULES = YES;
				CLANG_ENABLE_OBJC_ARC = YES;
				CLANG_ENABLE_OBJC_WEAK = YES;
				CLANG_WARN_BLOCK_CAPTURE_AUTORELEASING = YES;
				CLANG_WARN_BOOL_CONVERSION = YES;
				CLANG_WARN_COMMA = YES;
				CLANG_WARN_CONSTANT_CONVERSION = YES;
				CLANG_WARN_DEPRECATED_OBJC_IMPLEMENTATIONS = YES;
				CLANG_WARN_DIRECT_OBJC_ISA_USAGE = YES_ERROR;
				CLANG_WARN_DOCUMENTATION_COMMENTS = YES;
				CLANG_WARN_EMPTY_BODY = YES;
				CLANG_WARN_ENUM_CONVERSION = YES;
				CLANG_WARN_INFINITE_RECURSION = YES;
				CLANG_WARN_INT_CONVERSION = YES;
				CLANG_WARN_NON_LITERAL_NULL_CONVERSION = YES;
				CLANG_WARN_OBJC_IMPLICIT_RETAIN_SELF = YES;
				CLANG_WARN_OBJC_LITERAL_CONVERSION = YES;
				CLANG_WARN_OBJC_ROOT_CLASS = YES_ERROR;
				CLANG_WARN_RANGE_LOOP_ANALYSIS = YES;
				CLANG_WARN_STRICT_PROTOTYPES = YES;
				CLANG_WARN_SUSPICIOUS_MOVE = YES;
				CLANG_WARN_UNGUARDED_AVAILABILITY = YES_AGGRESSIVE;
				CLANG_WARN_UNREACHABLE_CODE = YES;
				CLANG_WARN__DUPLICATE_METHOD_MATCH = YES;
				COPY_PHASE_STRIP = NO;
				DEBUG_INFORMATION_FORMAT = "dwarf-with-dsym";
				ENABLE_NS_ASSERTIONS = NO;
				ENABLE_STRICT_OBJC_MSGSEND = YES;
				GCC_C_LANGUAGE_STANDARD = gnu11;
				GCC_NO_COMMON_BLOCKS = YES;
				GCC_WARN_64_TO_32_BIT_CONVERSION = YES;
				GCC_WARN_ABOUT_RETURN_TYPE = YES_ERROR;
				GCC_WARN_UNDECLARED_SELECTOR = YES;
				GCC_WARN_UNINITIALIZED_AUTOS = YES_AGGRESSIVE;
				GCC_WARN_UNUSED_FUNCTION = YES;
				GCC_WARN_UNUSED_VARIABLE = YES;
				IPHONEOS_DEPLOYMENT_TARGET = 13.5;
				MTL_ENABLE_DEBUG_INFO = NO;
				MTL_FAST_MATH = YES;
				SDKROOT = iphoneos;
				SWIFT_COMPILATION_MODE = wholemodule;
				SWIFT_OPTIMIZATION_LEVEL = "-O";
				VALIDATE_PRODUCT = YES;
			};
			name = Release;
		};
		8802C87724F8634900D37429 /* Debug */ = {
			isa = XCBuildConfiguration;
			buildSettings = {
				ASSETCATALOG_COMPILER_APPICON_NAME = AppIcon;
				CODE_SIGN_STYLE = Automatic;
				DEVELOPMENT_TEAM = 26RHXP32FH;
				INFOPLIST_FILE = "Comp-Layout-Multiple-Sections/Info.plist";
				LD_RUNPATH_SEARCH_PATHS = (
					"$(inherited)",
					"@executable_path/Frameworks",
				);
				PRODUCT_BUNDLE_IDENTIFIER = "pursuitOrg.Comp-Layout-Multiple-Sections";
				PRODUCT_NAME = "$(TARGET_NAME)";
				SWIFT_VERSION = 5.0;
				TARGETED_DEVICE_FAMILY = "1,2";
			};
			name = Debug;
		};
		8802C87824F8634900D37429 /* Release */ = {
			isa = XCBuildConfiguration;
			buildSettings = {
				ASSETCATALOG_COMPILER_APPICON_NAME = AppIcon;
				CODE_SIGN_STYLE = Automatic;
				DEVELOPMENT_TEAM = 26RHXP32FH;
				INFOPLIST_FILE = "Comp-Layout-Multiple-Sections/Info.plist";
				LD_RUNPATH_SEARCH_PATHS = (
					"$(inherited)",
					"@executable_path/Frameworks",
				);
				PRODUCT_BUNDLE_IDENTIFIER = "pursuitOrg.Comp-Layout-Multiple-Sections";
				PRODUCT_NAME = "$(TARGET_NAME)";
				SWIFT_VERSION = 5.0;
				TARGETED_DEVICE_FAMILY = "1,2";
			};
			name = Release;
		};
/* End XCBuildConfiguration section */

/* Begin XCConfigurationList section */
		8802C85D24F8634600D37429 /* Build configuration list for PBXProject "Comp-Layout-Multiple-Sections" */ = {
			isa = XCConfigurationList;
			buildConfigurations = (
				8802C87424F8634900D37429 /* Debug */,
				8802C87524F8634900D37429 /* Release */,
			);
			defaultConfigurationIsVisible = 0;
			defaultConfigurationName = Release;
		};
		8802C87624F8634900D37429 /* Build configuration list for PBXNativeTarget "Comp-Layout-Multiple-Sections" */ = {
			isa = XCConfigurationList;
			buildConfigurations = (
				8802C87724F8634900D37429 /* Debug */,
				8802C87824F8634900D37429 /* Release */,
			);
			defaultConfigurationIsVisible = 0;
			defaultConfigurationName = Release;
		};
/* End XCConfigurationList section */
	};
	rootObject = 8802C85A24F8634600D37429 /* Project object */;
}
